{
 "graph_lock": {
  "nodes": {
   "0": {
    "options": "",
    "requires": [
     "1"
    ],
    "build_requires": [
     "8"
    ],
    "path": "conanfile.txt",
    "context": "host"
   },
   "1": {
    "ref": "opencv-ue4/3.3.0@adamrehn/5.1",
    "options": "",
    "package_id": "99bff0bab8ecbe35595ffa5b3975707483e2fa19",
    "prev": "0",
    "requires": [
     "2",
     "3",
     "4",
     "6",
     "7"
    ],
    "context": "host"
   },
   "2": {
    "ref": "libcxx/ue4@adamrehn/profile",
    "options": "",
    "package_id": "5ab84d6acfe1f23c4fae0ab88f26e3a396351ac9",
    "prev": "0",
    "context": "host"
   },
   "3": {
    "ref": "ue4util/ue4@adamrehn/profile",
    "options": "",
    "package_id": "5ab84d6acfe1f23c4fae0ab88f26e3a396351ac9",
    "prev": "0",
    "context": "host"
   },
   "4": {
    "ref": "zlib/ue4@adamrehn/5.1",
    "options": "",
    "package_id": "82fc6408160f895de058eab0c98d355626af8c5a",
    "prev": "0",
    "requires": [
     "5"
    ],
    "context": "host"
   },
   "5": {
    "ref": "ue4lib/ue4@adamrehn/profile",
    "options": "",
    "package_id": "5ab84d6acfe1f23c4fae0ab88f26e3a396351ac9",
    "prev": "0",
    "context": "host"
   },
   "6": {
    "ref": "UElibPNG/ue4@adamrehn/5.1",
    "options": "",
    "package_id": "82fc6408160f895de058eab0c98d355626af8c5a",
    "prev": "0",
    "requires": [
     "5"
    ],
    "context": "host"
   },
   "7": {
    "ref": "LibJpegTurbo/ue4@adamrehn/5.1",
    "options": "",
    "package_id": "82fc6408160f895de058eab0c98d355626af8c5a",
    "prev": "0",
    "requires": [
     "5"
    ],
    "context": "host"
   },
   "8": {
    "ref": "toolchain-wrapper/ue4@adamrehn/5.1",
    "options": "",
    "package_id": "7398dab5728f06866bd82627d2e411754f86297a",
    "prev": "0",
    "context": "host"
   }
  },
  "revisions_enabled": false
 },
 "version": "0.4",
 "profile_host": "[settings]\narch=x86_64\narch_build=x86_64\nbuild_type=Release\ncompiler=clang\ncompiler.libcxx=libc++\ncompiler.version=13\nos=Linux\nos_build=Linux\n[options]\n[build_requires]\n*: toolchain-wrapper/ue4@adamrehn/5.1\n[env]\nUNREAL_ENGINE_VERSION=5.1"
}